// !$*UTF8*$!
{
	archiveVersion = 1;
	classes = {
	};
	objectVersion = 77;
	objects = {

/* Begin PBXContainerItemProxy section */
		E129CF4D2D77A3A200A13B35 /* PBXContainerItemProxy */ = {
			isa = PBXContainerItemProxy;
			containerPortal = E129CF302D77A3A100A13B35 /* Project object */;
			proxyType = 1;
			remoteGlobalIDString = E129CF372D77A3A100A13B35;
			remoteInfo = DrinkingGame;
		};
		E129CF572D77A3A200A13B35 /* PBXContainerItemProxy */ = {
			isa = PBXContainerItemProxy;
			containerPortal = E129CF302D77A3A100A13B35 /* Project object */;
			proxyType = 1;
			remoteGlobalIDString = E129CF372D77A3A100A13B35;
			remoteInfo = DrinkingGame;
		};
/* End PBXContainerItemProxy section */

/* Begin PBXFileReference section */
		E129CF382D77A3A100A13B35 /* DrinkingGame.app */ = {isa = PBXFileReference; explicitFileType = wrapper.application; includeInIndex = 0; path = DrinkingGame.app; sourceTree = BUILT_PRODUCTS_DIR; };
		E129CF4C2D77A3A200A13B35 /* DrinkingGameTests.xctest */ = {isa = PBXFileReference; explicitFileType = wrapper.cfbundle; includeInIndex = 0; path = DrinkingGameTests.xctest; sourceTree = BUILT_PRODUCTS_DIR; };
		E129CF562D77A3A200A13B35 /* DrinkingGameUITests.xctest */ = {isa = PBXFileReference; explicitFileType = wrapper.cfbundle; includeInIndex = 0; path = DrinkingGameUITests.xctest; sourceTree = BUILT_PRODUCTS_DIR; };
/* End PBXFileReference section */

/* Begin PBXFileSystemSynchronizedBuildFileExceptionSet section */
		E129CF5E2D77A3A200A13B35 /* Exceptions for "DrinkingGame" folder in "DrinkingGame" target */ = {
			isa = PBXFileSystemSynchronizedBuildFileExceptionSet;
			membershipExceptions = (
				Info.plist,
			);
			target = E129CF372D77A3A100A13B35 /* DrinkingGame */;
		};
/* End PBXFileSystemSynchronizedBuildFileExceptionSet section */

/* Begin PBXFileSystemSynchronizedRootGroup section */
		E129CF3A2D77A3A100A13B35 /* DrinkingGame */ = {
			isa = PBXFileSystemSynchronizedRootGroup;
			exceptions = (
				E129CF5E2D77A3A200A13B35 /* Exceptions for "DrinkingGame" folder in "DrinkingGame" target */,
			);
			path = DrinkingGame;
			sourceTree = "<group>";
		};
		E129CF4F2D77A3A200A13B35 /* DrinkingGameTests */ = {
			isa = PBXFileSystemSynchronizedRootGroup;
			path = DrinkingGameTests;
			sourceTree = "<group>";
		};
		E129CF592D77A3A200A13B35 /* DrinkingGameUITests */ = {
			isa = PBXFileSystemSynchronizedRootGroup;
			path = DrinkingGameUITests;
			sourceTree = "<group>";
		};
/* End PBXFileSystemSynchronizedRootGroup section */

/* Begin PBXFrameworksBuildPhase section */
		E129CF352D77A3A100A13B35 /* Frameworks */ = {
			isa = PBXFrameworksBuildPhase;
			buildActionMask = 2147483647;
			files = (
			);
			runOnlyForDeploymentPostprocessing = 0;
		};
		E129CF492D77A3A200A13B35 /* Frameworks */ = {
			isa = PBXFrameworksBuildPhase;
			buildActionMask = 2147483647;
			files = (
			);
			runOnlyForDeploymentPostprocessing = 0;
		};
		E129CF532D77A3A200A13B35 /* Frameworks */ = {
			isa = PBXFrameworksBuildPhase;
			buildActionMask = 2147483647;
			files = (
			);
			runOnlyForDeploymentPostprocessing = 0;
		};
/* End PBXFrameworksBuildPhase section */

/* Begin PBXGroup section */
		E129CF2F2D77A3A100A13B35 = {
			isa = PBXGroup;
			children = (
				E129CF3A2D77A3A100A13B35 /* DrinkingGame */,
				E129CF4F2D77A3A200A13B35 /* DrinkingGameTests */,
				E129CF592D77A3A200A13B35 /* DrinkingGameUITests */,
				E129CF392D77A3A100A13B35 /* Products */,
			);
			sourceTree = "<group>";
		};
		E129CF392D77A3A100A13B35 /* Products */ = {
			isa = PBXGroup;
			children = (
				E129CF382D77A3A100A13B35 /* DrinkingGame.app */,
				E129CF4C2D77A3A200A13B35 /* DrinkingGameTests.xctest */,
				E129CF562D77A3A200A13B35 /* DrinkingGameUITests.xctest */,
			);
			name = Products;
			sourceTree = "<group>";
		};
/* End PBXGroup section */

/* Begin PBXNativeTarget section */
		E129CF372D77A3A100A13B35 /* DrinkingGame */ = {
			isa = PBXNativeTarget;
			buildConfigurationList = E129CF5F2D77A3A200A13B35 /* Build configuration list for PBXNativeTarget "DrinkingGame" */;
			buildPhases = (
				E129CF342D77A3A100A13B35 /* Sources */,
				E129CF352D77A3A100A13B35 /* Frameworks */,
				E129CF362D77A3A100A13B35 /* Resources */,
			);
			buildRules = (
			);
			dependencies = (
			);
			fileSystemSynchronizedGroups = (
				E129CF3A2D77A3A100A13B35 /* DrinkingGame */,
			);
			name = DrinkingGame;
			packageProductDependencies = (
			);
			productName = DrinkingGame;
			productReference = E129CF382D77A3A100A13B35 /* DrinkingGame.app */;
			productType = "com.apple.product-type.application";
		};
		E129CF4B2D77A3A200A13B35 /* DrinkingGameTests */ = {
			isa = PBXNativeTarget;
			buildConfigurationList = E129CF642D77A3A200A13B35 /* Build configuration list for PBXNativeTarget "DrinkingGameTests" */;
			buildPhases = (
				E129CF482D77A3A200A13B35 /* Sources */,
				E129CF492D77A3A200A13B35 /* Frameworks */,
				E129CF4A2D77A3A200A13B35 /* Resources */,
			);
			buildRules = (
			);
			dependencies = (
				E129CF4E2D77A3A200A13B35 /* PBXTargetDependency */,
			);
			fileSystemSynchronizedGroups = (
				E129CF4F2D77A3A200A13B35 /* DrinkingGameTests */,
			);
			name = DrinkingGameTests;
			packageProductDependencies = (
			);
			productName = DrinkingGameTests;
			productReference = E129CF4C2D77A3A200A13B35 /* DrinkingGameTests.xctest */;
			productType = "com.apple.product-type.bundle.unit-test";
		};
		E129CF552D77A3A200A13B35 /* DrinkingGameUITests */ = {
			isa = PBXNativeTarget;
			buildConfigurationList = E129CF672D77A3A200A13B35 /* Build configuration list for PBXNativeTarget "DrinkingGameUITests" */;
			buildPhases = (
				E129CF522D77A3A200A13B35 /* Sources */,
				E129CF532D77A3A200A13B35 /* Frameworks */,
				E129CF542D77A3A200A13B35 /* Resources */,
			);
			buildRules = (
			);
			dependencies = (
				E129CF582D77A3A200A13B35 /* PBXTargetDependency */,
			);
			fileSystemSynchronizedGroups = (
				E129CF592D77A3A200A13B35 /* DrinkingGameUITests */,
			);
			name = DrinkingGameUITests;
			packageProductDependencies = (
			);
			productName = DrinkingGameUITests;
			productReference = E129CF562D77A3A200A13B35 /* DrinkingGameUITests.xctest */;
			productType = "com.apple.product-type.bundle.ui-testing";
		};
/* End PBXNativeTarget section */

/* Begin PBXProject section */
		E129CF302D77A3A100A13B35 /* Project object */ = {
			isa = PBXProject;
			attributes = {
				BuildIndependentTargetsInParallel = 1;
				LastSwiftUpdateCheck = 1620;
				LastUpgradeCheck = 1620;
				TargetAttributes = {
					E129CF372D77A3A100A13B35 = {
						CreatedOnToolsVersion = 16.2;
					};
					E129CF4B2D77A3A200A13B35 = {
						CreatedOnToolsVersion = 16.2;
						TestTargetID = E129CF372D77A3A100A13B35;
					};
					E129CF552D77A3A200A13B35 = {
						CreatedOnToolsVersion = 16.2;
						TestTargetID = E129CF372D77A3A100A13B35;
					};
				};
			};
			buildConfigurationList = E129CF332D77A3A100A13B35 /* Build configuration list for PBXProject "DrinkingGame" */;
			developmentRegion = en;
			hasScannedForEncodings = 0;
			knownRegions = (
				en,
				Base,
			);
			mainGroup = E129CF2F2D77A3A100A13B35;
			minimizedProjectReferenceProxies = 1;
			preferredProjectObjectVersion = 77;
			productRefGroup = E129CF392D77A3A100A13B35 /* Products */;
			projectDirPath = "";
			projectRoot = "";
			targets = (
				E129CF372D77A3A100A13B35 /* DrinkingGame */,
				E129CF4B2D77A3A200A13B35 /* DrinkingGameTests */,
				E129CF552D77A3A200A13B35 /* DrinkingGameUITests */,
			);
		};
/* End PBXProject section */

/* Begin PBXResourcesBuildPhase section */
		E129CF362D77A3A100A13B35 /* Resources */ = {
			isa = PBXResourcesBuildPhase;
			buildActionMask = 2147483647;
			files = (
			);
			runOnlyForDeploymentPostprocessing = 0;
		};
		E129CF4A2D77A3A200A13B35 /* Resources */ = {
			isa = PBXResourcesBuildPhase;
			buildActionMask = 2147483647;
			files = (
			);
			runOnlyForDeploymentPostprocessing = 0;
		};
		E129CF542D77A3A200A13B35 /* Resources */ = {
			isa = PBXResourcesBuildPhase;
			buildActionMask = 2147483647;
			files = (
			);
			runOnlyForDeploymentPostprocessing = 0;
		};
/* End PBXResourcesBuildPhase section */

/* Begin PBXSourcesBuildPhase section */
		E129CF342D77A3A100A13B35 /* Sources */ = {
			isa = PBXSourcesBuildPhase;
			buildActionMask = 2147483647;
			files = (
			);
			runOnlyForDeploymentPostprocessing = 0;
		};
		E129CF482D77A3A200A13B35 /* Sources */ = {
			isa = PBXSourcesBuildPhase;
			buildActionMask = 2147483647;
			files = (
			);
			runOnlyForDeploymentPostprocessing = 0;
		};
		E129CF522D77A3A200A13B35 /* Sources */ = {
			isa = PBXSourcesBuildPhase;
			buildActionMask = 2147483647;
			files = (
			);
			runOnlyForDeploymentPostprocessing = 0;
		};
/* End PBXSourcesBuildPhase section */

/* Begin PBXTargetDependency section */
		E129CF4E2D77A3A200A13B35 /* PBXTargetDependency */ = {
			isa = PBXTargetDependency;
			target = E129CF372D77A3A100A13B35 /* DrinkingGame */;
			targetProxy = E129CF4D2D77A3A200A13B35 /* PBXContainerItemProxy */;
		};
		E129CF582D77A3A200A13B35 /* PBXTargetDependency */ = {
			isa = PBXTargetDependency;
			target = E129CF372D77A3A100A13B35 /* DrinkingGame */;
			targetProxy = E129CF572D77A3A200A13B35 /* PBXContainerItemProxy */;
		};
/* End PBXTargetDependency section */

/* Begin XCBuildConfiguration section */
		E129CF602D77A3A200A13B35 /* Debug */ = {
			isa = XCBuildConfiguration;
			buildSettings = {
				ASSETCATALOG_COMPILER_APPICON_NAME = AppIcon;
				ASSETCATALOG_COMPILER_GLOBAL_ACCENT_COLOR_NAME = AccentColor;
				CODE_SIGN_ENTITLEMENTS = DrinkingGame/DrinkingGame.entitlements;
				CODE_SIGN_STYLE = Automatic;
				CURRENT_PROJECT_VERSION = 1;
				DEVELOPMENT_ASSET_PATHS = "\"DrinkingGame/Preview Content\"";
				DEVELOPMENT_TEAM = H8DZA2VP5V;
				ENABLE_PREVIEWS = YES;
				GENERATE_INFOPLIST_FILE = YES;
				INFOPLIST_FILE = DrinkingGame/Info.plist;
				INFOPLIST_KEY_UIApplicationSceneManifest_Generation = YES;
				INFOPLIST_KEY_UIApplicationSupportsIndirectInputEvents = YES;
				INFOPLIST_KEY_UILaunchScreen_Generation = YES;
				INFOPLIST_KEY_UISupportedInterfaceOrientations_iPad = "UIInterfaceOrientationPortrait UIInterfaceOrientationPortraitUpsideDown UIInterfaceOrientationLandscapeLeft UIInterfaceOrientationLandscapeRight";
				INFOPLIST_KEY_UISupportedInterfaceOrientations_iPhone = "UIInterfaceOrientationPortrait UIInterfaceOrientationLandscapeLeft UIInterfaceOrientationLandscapeRight";
				LD_RUNPATH_SEARCH_PATHS = (
					"$(inherited)",
					"@executable_path/Frameworks",
				);
				MARKETING_VERSION = 1.0;
				PRODUCT_BUNDLE_IDENTIFIER = no.BriRus.DrinkingGame;
				PRODUCT_NAME = "$(TARGET_NAME)";
				SWIFT_EMIT_LOC_STRINGS = YES;
				SWIFT_VERSION = 5.0;
				TARGETED_DEVICE_FAMILY = "1,2";
			};
			name = Debug;
		};
		E129CF612D77A3A200A13B35 /* Release */ = {
			isa = XCBuildConfiguration;
			buildSettings = {
				ASSETCATALOG_COMPILER_APPICON_NAME = AppIcon;
				ASSETCATALOG_COMPILER_GLOBAL_ACCENT_COLOR_NAME = AccentColor;
				CODE_SIGN_ENTITLEMENTS = DrinkingGame/DrinkingGame.entitlements;
				CODE_SIGN_STYLE = Automatic;
				CURRENT_PROJECT_VERSION = 1;
				DEVELOPMENT_ASSET_PATHS = "\"DrinkingGame/Preview Content\"";
				DEVELOPMENT_TEAM = H8DZA2VP5V;
				ENABLE_PREVIEWS = YES;
				GENERATE_INFOPLIST_FILE = YES;
				INFOPLIST_FILE = DrinkingGame/Info.plist;
				INFOPLIST_KEY_UIApplicationSceneManifest_Generation = YES;
				INFOPLIST_KEY_UIApplicationSupportsIndirectInputEvents = YES;
				INFOPLIST_KEY_UILaunchScreen_Generation = YES;
				INFOPLIST_KEY_UISupportedInterfaceOrientations_iPad = "UIInterfaceOrientationPortrait UIInterfaceOrientationPortraitUpsideDown UIInterfaceOrientationLandscapeLeft UIInterfaceOrientationLandscapeRight";
				INFOPLIST_KEY_UISupportedInterfaceOrientations_iPhone = "UIInterfaceOrientationPortrait UIInterfaceOrientationLandscapeLeft UIInterfaceOrientationLandscapeRight";
				LD_RUNPATH_SEARCH_PATHS = (
					"$(inherited)",
					"@executable_path/Frameworks",
				);
				MARKETING_VERSION = 1.0;
				PRODUCT_BUNDLE_IDENTIFIER = no.BriRus.DrinkingGame;
				PRODUCT_NAME = "$(TARGET_NAME)";
				SWIFT_EMIT_LOC_STRINGS = YES;
				SWIFT_VERSION = 5.0;
				TARGETED_DEVICE_FAMILY = "1,2";
			};
			name = Release;
		};
		E129CF622D77A3A200A13B35 /* Debug */ = {
			isa = XCBuildConfiguration;
			buildSettings = {
				ALWAYS_SEARCH_USER_PATHS = NO;
				ASSETCATALOG_COMPILER_GENERATE_SWIFT_ASSET_SYMBOL_EXTENSIONS = YES;
				CLANG_ANALYZER_NONNULL = YES;
				CLANG_ANALYZER_NUMBER_OBJECT_CONVERSION = YES_AGGRESSIVE;
				CLANG_CXX_LANGUAGE_STANDARD = "gnu++20";
				CLANG_ENABLE_MODULES = YES;
				CLANG_ENABLE_OBJC_ARC = YES;
				CLANG_ENABLE_OBJC_WEAK = YES;
				CLANG_WARN_BLOCK_CAPTURE_AUTORELEASING = YES;
				CLANG_WARN_BOOL_CONVERSION = YES;
				CLANG_WARN_COMMA = YES;
				CLANG_WARN_CONSTANT_CONVERSION = YES;
				CLANG_WARN_DEPRECATED_OBJC_IMPLEMENTATIONS = YES;
				CLANG_WARN_DIRECT_OBJC_ISA_USAGE = YES_ERROR;
				CLANG_WARN_DOCUMENTATION_COMMENTS = YES;
				CLANG_WARN_EMPTY_BODY = YES;
				CLANG_WARN_ENUM_CONVERSION = YES;
				CLANG_WARN_INFINITE_RECURSION = YES;
				CLANG_WARN_INT_CONVERSION = YES;
				CLANG_WARN_NON_LITERAL_NULL_CONVERSION = YES;
				CLANG_WARN_OBJC_IMPLICIT_RETAIN_SELF = YES;
				CLANG_WARN_OBJC_LITERAL_CONVERSION = YES;
				CLANG_WARN_OBJC_ROOT_CLASS = YES_ERROR;
				CLANG_WARN_QUOTED_INCLUDE_IN_FRAMEWORK_HEADER = YES;
				CLANG_WARN_RANGE_LOOP_ANALYSIS = YES;
				CLANG_WARN_STRICT_PROTOTYPES = YES;
				CLANG_WARN_SUSPICIOUS_MOVE = YES;
				CLANG_WARN_UNGUARDED_AVAILABILITY = YES_AGGRESSIVE;
				CLANG_WARN_UNREACHABLE_CODE = YES;
				CLANG_WARN__DUPLICATE_METHOD_MATCH = YES;
				COPY_PHASE_STRIP = NO;
				DEBUG_INFORMATION_FORMAT = dwarf;
				ENABLE_STRICT_OBJC_MSGSEND = YES;
				ENABLE_TESTABILITY = YES;
				ENABLE_USER_SCRIPT_SANDBOXING = YES;
				GCC_C_LANGUAGE_STANDARD = gnu17;
				GCC_DYNAMIC_NO_PIC = NO;
				GCC_NO_COMMON_BLOCKS = YES;
				GCC_OPTIMIZATION_LEVEL = 0;
				GCC_PREPROCESSOR_DEFINITIONS = (
					"DEBUG=1",
					"$(inherited)",
				);
				GCC_WARN_64_TO_32_BIT_CONVERSION = YES;
				GCC_WARN_ABOUT_RETURN_TYPE = YES_ERROR;
				GCC_WARN_UNDECLARED_SELECTOR = YES;
				GCC_WARN_UNINITIALIZED_AUTOS = YES_AGGRESSIVE;
				GCC_WARN_UNUSED_FUNCTION = YES;
				GCC_WARN_UNUSED_VARIABLE = YES;
				IPHONEOS_DEPLOYMENT_TARGET = 18.2;
				LOCALIZATION_PREFERS_STRING_CATALOGS = YES;
				MTL_ENABLE_DEBUG_INFO = INCLUDE_SOURCE;
				MTL_FAST_MATH = YES;
				ONLY_ACTIVE_ARCH = YES;
				SDKROOT = iphoneos;
				SWIFT_ACTIVE_COMPILATION_CONDITIONS = "DEBUG $(inherited)";
				SWIFT_OPTIMIZATION_LEVEL = "-Onone";
			};
			name = Debug;
		};
		E129CF632D77A3A200A13B35 /* Release */ = {
			isa = XCBuildConfiguration;
			buildSettings = {
				ALWAYS_SEARCH_USER_PATHS = NO;
				ASSETCATALOG_COMPILER_GENERATE_SWIFT_ASSET_SYMBOL_EXTENSIONS = YES;
				CLANG_ANALYZER_NONNULL = YES;
				CLANG_ANALYZER_NUMBER_OBJECT_CONVERSION = YES_AGGRESSIVE;
				CLANG_CXX_LANGUAGE_STANDARD = "gnu++20";
				CLANG_ENABLE_MODULES = YES;
				CLANG_ENABLE_OBJC_ARC = YES;
				CLANG_ENABLE_OBJC_WEAK = YES;
				CLANG_WARN_BLOCK_CAPTURE_AUTORELEASING = YES;
				CLANG_WARN_BOOL_CONVERSION = YES;
				CLANG_WARN_COMMA = YES;
				CLANG_WARN_CONSTANT_CONVERSION = YES;
				CLANG_WARN_DEPRECATED_OBJC_IMPLEMENTATIONS = YES;
				CLANG_WARN_DIRECT_OBJC_ISA_USAGE = YES_ERROR;
				CLANG_WARN_DOCUMENTATION_COMMENTS = YES;
				CLANG_WARN_EMPTY_BODY = YES;
				CLANG_WARN_ENUM_CONVERSION = YES;
				CLANG_WARN_INFINITE_RECURSION = YES;
				CLANG_WARN_INT_CONVERSION = YES;
				CLANG_WARN_NON_LITERAL_NULL_CONVERSION = YES;
				CLANG_WARN_OBJC_IMPLICIT_RETAIN_SELF = YES;
				CLANG_WARN_OBJC_LITERAL_CONVERSION = YES;
				CLANG_WARN_OBJC_ROOT_CLASS = YES_ERROR;
				CLANG_WARN_QUOTED_INCLUDE_IN_FRAMEWORK_HEADER = YES;
				CLANG_WARN_RANGE_LOOP_ANALYSIS = YES;
				CLANG_WARN_STRICT_PROTOTYPES = YES;
				CLANG_WARN_SUSPICIOUS_MOVE = YES;
				CLANG_WARN_UNGUARDED_AVAILABILITY = YES_AGGRESSIVE;
				CLANG_WARN_UNREACHABLE_CODE = YES;
				CLANG_WARN__DUPLICATE_METHOD_MATCH = YES;
				COPY_PHASE_STRIP = NO;
				DEBUG_INFORMATION_FORMAT = "dwarf-with-dsym";
				ENABLE_NS_ASSERTIONS = NO;
				ENABLE_STRICT_OBJC_MSGSEND = YES;
				ENABLE_USER_SCRIPT_SANDBOXING = YES;
				GCC_C_LANGUAGE_STANDARD = gnu17;
				GCC_NO_COMMON_BLOCKS = YES;
				GCC_WARN_64_TO_32_BIT_CONVERSION = YES;
				GCC_WARN_ABOUT_RETURN_TYPE = YES_ERROR;
				GCC_WARN_UNDECLARED_SELECTOR = YES;
				GCC_WARN_UNINITIALIZED_AUTOS = YES_AGGRESSIVE;
				GCC_WARN_UNUSED_FUNCTION = YES;
				GCC_WARN_UNUSED_VARIABLE = YES;
				IPHONEOS_DEPLOYMENT_TARGET = 18.2;
				LOCALIZATION_PREFERS_STRING_CATALOGS = YES;
				MTL_ENABLE_DEBUG_INFO = NO;
				MTL_FAST_MATH = YES;
				SDKROOT = iphoneos;
				SWIFT_COMPILATION_MODE = wholemodule;
				VALIDATE_PRODUCT = YES;
			};
			name = Release;
		};
		E129CF652D77A3A200A13B35 /* Debug */ = {
			isa = XCBuildConfiguration;
			buildSettings = {
				BUNDLE_LOADER = "$(TEST_HOST)";
				CODE_SIGN_STYLE = Automatic;
				CURRENT_PROJECT_VERSION = 1;
				DEVELOPMENT_TEAM = H8DZA2VP5V;
				GENERATE_INFOPLIST_FILE = YES;
				IPHONEOS_DEPLOYMENT_TARGET = 18.2;
				MARKETING_VERSION = 1.0;
				PRODUCT_BUNDLE_IDENTIFIER = no.BriRus.DrinkingGameTests;
				PRODUCT_NAME = "$(TARGET_NAME)";
				SWIFT_EMIT_LOC_STRINGS = NO;
				SWIFT_VERSION = 5.0;
				TARGETED_DEVICE_FAMILY = "1,2";
				TEST_HOST = "$(BUILT_PRODUCTS_DIR)/DrinkingGame.app/$(BUNDLE_EXECUTABLE_FOLDER_PATH)/DrinkingGame";
			};
			name = Debug;
		};
		E129CF662D77A3A200A13B35 /* Release */ = {
			isa = XCBuildConfiguration;
			buildSettings = {
				BUNDLE_LOADER = "$(TEST_HOST)";
				CODE_SIGN_STYLE = Automatic;
				CURRENT_PROJECT_VERSION = 1;
				DEVELOPMENT_TEAM = H8DZA2VP5V;
				GENERATE_INFOPLIST_FILE = YES;
				IPHONEOS_DEPLOYMENT_TARGET = 18.2;
				MARKETING_VERSION = 1.0;
				PRODUCT_BUNDLE_IDENTIFIER = no.BriRus.DrinkingGameTests;
				PRODUCT_NAME = "$(TARGET_NAME)";
				SWIFT_EMIT_LOC_STRINGS = NO;
				SWIFT_VERSION = 5.0;
				TARGETED_DEVICE_FAMILY = "1,2";
				TEST_HOST = "$(BUILT_PRODUCTS_DIR)/DrinkingGame.app/$(BUNDLE_EXECUTABLE_FOLDER_PATH)/DrinkingGame";
			};
			name = Release;
		};
		E129CF682D77A3A200A13B35 /* Debug */ = {
			isa = XCBuildConfiguration;
			buildSettings = {
				CODE_SIGN_STYLE = Automatic;
				CURRENT_PROJECT_VERSION = 1;
				DEVELOPMENT_TEAM = H8DZA2VP5V;
				GENERATE_INFOPLIST_FILE = YES;
				MARKETING_VERSION = 1.0;
				PRODUCT_BUNDLE_IDENTIFIER = no.BriRus.DrinkingGameUITests;
				PRODUCT_NAME = "$(TARGET_NAME)";
				SWIFT_EMIT_LOC_STRINGS = NO;
				SWIFT_VERSION = 5.0;
				TARGETED_DEVICE_FAMILY = "1,2";
				TEST_TARGET_NAME = DrinkingGame;
			};
			name = Debug;
		};
		E129CF692D77A3A200A13B35 /* Release */ = {
			isa = XCBuildConfiguration;
			buildSettings = {
				CODE_SIGN_STYLE = Automatic;
				CURRENT_PROJECT_VERSION = 1;
				DEVELOPMENT_TEAM = H8DZA2VP5V;
				GENERATE_INFOPLIST_FILE = YES;
				MARKETING_VERSION = 1.0;
				PRODUCT_BUNDLE_IDENTIFIER = no.BriRus.DrinkingGameUITests;
				PRODUCT_NAME = "$(TARGET_NAME)";
				SWIFT_EMIT_LOC_STRINGS = NO;
				SWIFT_VERSION = 5.0;
				TARGETED_DEVICE_FAMILY = "1,2";
				TEST_TARGET_NAME = DrinkingGame;
			};
			name = Release;
		};
/* End XCBuildConfiguration section */

/* Begin XCConfigurationList section */
		E129CF332D77A3A100A13B35 /* Build configuration list for PBXProject "DrinkingGame" */ = {
			isa = XCConfigurationList;
			buildConfigurations = (
				E129CF622D77A3A200A13B35 /* Debug */,
				E129CF632D77A3A200A13B35 /* Release */,
			);
			defaultConfigurationIsVisible = 0;
			defaultConfigurationName = Release;
		};
		E129CF5F2D77A3A200A13B35 /* Build configuration list for PBXNativeTarget "DrinkingGame" */ = {
			isa = XCConfigurationList;
			buildConfigurations = (
				E129CF602D77A3A200A13B35 /* Debug */,
				E129CF612D77A3A200A13B35 /* Release */,
			);
			defaultConfigurationIsVisible = 0;
			defaultConfigurationName = Release;
		};
		E129CF642D77A3A200A13B35 /* Build configuration list for PBXNativeTarget "DrinkingGameTests" */ = {
			isa = XCConfigurationList;
			buildConfigurations = (
				E129CF652D77A3A200A13B35 /* Debug */,
				E129CF662D77A3A200A13B35 /* Release */,
			);
			defaultConfigurationIsVisible = 0;
			defaultConfigurationName = Release;
		};
		E129CF672D77A3A200A13B35 /* Build configuration list for PBXNativeTarget "DrinkingGameUITests" */ = {
			isa = XCConfigurationList;
			buildConfigurations = (
				E129CF682D77A3A200A13B35 /* Debug */,
				E129CF692D77A3A200A13B35 /* Release */,
			);
			defaultConfigurationIsVisible = 0;
			defaultConfigurationName = Release;
		};
/* End XCConfigurationList section */
	};
	rootObject = E129CF302D77A3A100A13B35 /* Project object */;
}
